
Microsoft Visual Studio Solution File, Format Version 12.00
# Visual Studio Version 17
VisualStudioVersion = 17.8.34408.163
MinimumVisualStudioVersion = 10.0.40219.1
Project("{9A19103F-16F7-4668-BE54-9A1E7A4F7556}") = "IntegracaoBrasilApi", "IntegracaoBrasilApi.csproj", "{D3B4F53D-6C67-4599-8EDD-A9E32A3C2954}"
EndProject
Global
	GlobalSection(SolutionConfigurationPlatforms) = preSolution
		Debug|Any CPU = Debug|Any CPU
		Release|Any CPU = Release|Any CPU
	EndGlobalSection
	GlobalSection(ProjectConfigurationPlatforms) = postSolution
		{D3B4F53D-6C67-4599-8EDD-A9E32A3C2954}.Debug|Any CPU.ActiveCfg = Debug|Any CPU
		{D3B4F53D-6C67-4599-8EDD-A9E32A3C2954}.Debug|Any CPU.Build.0 = Debug|Any CPU
		{D3B4F53D-6C67-4599-8EDD-A9E32A3C2954}.Release|Any CPU.ActiveCfg = Release|Any CPU
		{D3B4F53D-6C67-4599-8EDD-A9E32A3C2954}.Release|Any CPU.Build.0 = Release|Any CPU
	EndGlobalSection
	GlobalSection(SolutionProperties) = preSolution
		HideSolutionNode = FALSE
	EndGlobalSection
	GlobalSection(ExtensibilityGlobals) = postSolution
		SolutionGuid = {9E2CA73D-AC14-40C5-BD37-761FAA3E1DC3}
	EndGlobalSection
EndGlobal
